
Microsoft Visual Studio Solution File, Format Version 12.00
# Visual Studio 15
VisualStudioVersion = 15.0.33529.398
MinimumVisualStudioVersion = 10.0.40219.1
Project("{FAE04EC0-301F-11D3-BF4B-00C04F79EFBC}") = "ForgeBridge", "ForgeLib\ForgeBridge.csproj", "{C406A200-A357-4B21-938F-22E5187C34F4}"
EndProject
Project("{FAE04EC0-301F-11D3-BF4B-00C04F79EFBC}") = "ForgeConsole", "ForgeConsole\ForgeConsole.csproj", "{808C86DC-FB36-4877-9FD4-48220D1D8EC1}"
EndProject
Global
	GlobalSection(SolutionConfigurationPlatforms) = preSolution
		Debug|x64 = Debug|x64
		Debug|x86 = Debug|x86
		Release|x64 = Release|x64
		Release|x86 = Release|x86
	EndGlobalSection
	GlobalSection(ProjectConfigurationPlatforms) = postSolution
		{C406A200-A357-4B21-938F-22E5187C34F4}.Debug|x64.ActiveCfg = Debug|x64
		{C406A200-A357-4B21-938F-22E5187C34F4}.Debug|x64.Build.0 = Debug|x64
		{C406A200-A357-4B21-938F-22E5187C34F4}.Debug|x86.ActiveCfg = Debug|x86
		{C406A200-A357-4B21-938F-22E5187C34F4}.Debug|x86.Build.0 = Debug|x86
		{C406A200-A357-4B21-938F-22E5187C34F4}.Release|x64.ActiveCfg = Release|x64
		{C406A200-A357-4B21-938F-22E5187C34F4}.Release|x64.Build.0 = Release|x64
		{C406A200-A357-4B21-938F-22E5187C34F4}.Release|x86.ActiveCfg = Release|x86
		{C406A200-A357-4B21-938F-22E5187C34F4}.Release|x86.Build.0 = Release|x86
		{808C86DC-FB36-4877-9FD4-48220D1D8EC1}.Debug|x64.ActiveCfg = Debug|Any CPU
		{808C86DC-FB36-4877-9FD4-48220D1D8EC1}.Debug|x64.Build.0 = Debug|Any CPU
		{808C86DC-FB36-4877-9FD4-48220D1D8EC1}.Debug|x86.ActiveCfg = Debug|x86
		{808C86DC-FB36-4877-9FD4-48220D1D8EC1}.Debug|x86.Build.0 = Debug|x86
		{808C86DC-FB36-4877-9FD4-48220D1D8EC1}.Release|x64.ActiveCfg = Release|Any CPU
		{808C86DC-FB36-4877-9FD4-48220D1D8EC1}.Release|x64.Build.0 = Release|Any CPU
		{808C86DC-FB36-4877-9FD4-48220D1D8EC1}.Release|x86.ActiveCfg = Release|x86
		{808C86DC-FB36-4877-9FD4-48220D1D8EC1}.Release|x86.Build.0 = Release|x86
	EndGlobalSection
	GlobalSection(SolutionProperties) = preSolution
		HideSolutionNode = FALSE
	EndGlobalSection
	GlobalSection(ExtensibilityGlobals) = postSolution
		SolutionGuid = {D148CEEC-F008-4207-ABDD-745F2A767A8F}
	EndGlobalSection
EndGlobal
